<?xml version="1.0" encoding="utf-8"?>
<Project ToolsVersion="4.0" xmlns="http://schemas.microsoft.com/developer/msbuild/2003">
  <ItemGroup>
    <Filter Include="소스 파일">
      <UniqueIdentifier>{4FC737F1-C7A5-4376-A066-2A32D752A2FF}</UniqueIdentifier>
      <Extensions>cpp;c;cc;cxx;def;odl;idl;hpj;bat;asm;asmx</Extensions>
    </Filter>
    <Filter Include="헤더 파일">
      <UniqueIdentifier>{93995380-89BD-4b04-88EB-625FBE52EBFB}</UniqueIdentifier>
      <Extensions>h;hh;hpp;hxx;hm;inl;inc;ipp;xsd</Extensions>
    </Filter>
    <Filter Include="리소스 파일">
      <UniqueIdentifier>{67DA6AB6-F800-4c08-8B7A-83BB121AAD01}</UniqueIdentifier>
      <Extensions>rc;ico;cur;bmp;dlg;rc2;rct;bin;rgs;gif;jpg;jpeg;jpe;resx;tiff;tif;png;wav;mfcribbon-ms</Extensions>
    </Filter>
    <Filter Include="2DFramework">
      <UniqueIdentifier>{2097f7dd-466c-43ba-bf64-382891d85213}</UniqueIdentifier>
    </Filter>
    <Filter Include="2DFramework\singletonBase">
      <UniqueIdentifier>{27f5bfd9-a1f0-43c1-97da-f30c056f6397}</UniqueIdentifier>
    </Filter>
    <Filter Include="playGround">
      <UniqueIdentifier>{7d41c859-4579-4624-b673-c0e05586ad1f}</UniqueIdentifier>
    </Filter>
    <Filter Include="2DFramework\Manager">
      <UniqueIdentifier>{9bb540ca-4b5e-4022-9141-2af7c425e122}</UniqueIdentifier>
    </Filter>
    <Filter Include="2DFramework\utils">
      <UniqueIdentifier>{c21c4c8a-1155-499d-b121-68b14fe4a82c}</UniqueIdentifier>
    </Filter>
    <Filter Include="2DFramework\image">
      <UniqueIdentifier>{0ea639ba-92ce-4c57-a4a7-e0cc0b1731d4}</UniqueIdentifier>
    </Filter>
    <Filter Include="2DFramework\progressBar">
      <UniqueIdentifier>{7f62cdff-c24e-412b-abb0-097542fb2ea8}</UniqueIdentifier>
    </Filter>
    <Filter Include="2DFramework\txtData">
      <UniqueIdentifier>{fb2550d5-b60d-4281-862b-1d8329019df9}</UniqueIdentifier>
    </Filter>
    <Filter Include="2DFramework\timer">
      <UniqueIdentifier>{e9484528-0487-4586-a201-bc9cc283c075}</UniqueIdentifier>
    </Filter>
    <Filter Include="2DFramework\animation">
      <UniqueIdentifier>{1ffd2ec9-ea41-4955-b856-37cf78b3c082}</UniqueIdentifier>
    </Filter>
    <Filter Include="2DFramework\effect">
      <UniqueIdentifier>{e401df2d-a36e-4add-9dcb-7b125fb6272a}</UniqueIdentifier>
    </Filter>
    <Filter Include="2DFramework\button">
      <UniqueIdentifier>{f7d51706-c5d3-48b6-820a-231ce8fb495f}</UniqueIdentifier>
    </Filter>
    <Filter Include="2DFramework\loading">
      <UniqueIdentifier>{da20ded3-a458-4aef-83e5-50e843ef8d30}</UniqueIdentifier>
    </Filter>
    <Filter Include="2DFramework\Scene">
      <UniqueIdentifier>{cd4fa71f-b1c8-4f3f-a725-80e61358d939}</UniqueIdentifier>
    </Filter>
    <Filter Include="2DFramework\Scene\startScene">
      <UniqueIdentifier>{5e957095-1de5-4478-976a-2bb26bb5c195}</UniqueIdentifier>
    </Filter>
    <Filter Include="2DFramework\Scene\startScene\mapToolScene">
      <UniqueIdentifier>{ccb1c0a3-1a42-48b4-bb2a-5dbb91d2987c}</UniqueIdentifier>
    </Filter>
    <Filter Include="2DFramework\Scene\startScene\playScene">
      <UniqueIdentifier>{98b952c7-67d3-4fde-a477-6f5bd757b959}</UniqueIdentifier>
    </Filter>
    <Filter Include="2DFramework\Scene\endScene">
      <UniqueIdentifier>{c5971a65-4320-495e-ad25-8fdfd0636eac}</UniqueIdentifier>
    </Filter>
    <Filter Include="2DFramework\Scene\startScene\playScene\townScene">
      <UniqueIdentifier>{180fa43a-7e32-4037-8999-1aaf59a935a0}</UniqueIdentifier>
    </Filter>
    <Filter Include="2DFramework\Scene\startScene\playScene\fieldScene">
      <UniqueIdentifier>{8e49d668-0579-47e6-b7a7-6ce93d71133f}</UniqueIdentifier>
    </Filter>
    <Filter Include="2DFramework\Scene\startScene\playScene\battleScene">
      <UniqueIdentifier>{9cc81bf9-4c09-4a6f-95b8-74841d040972}</UniqueIdentifier>
    </Filter>
    <Filter Include="2DFramework\Scene\startScene\playScene\townScene\barScene">
      <UniqueIdentifier>{5f565a22-bb95-497b-bcbe-e42cb91b17a7}</UniqueIdentifier>
    </Filter>
    <Filter Include="2DFramework\player">
      <UniqueIdentifier>{971a2dbc-622d-4058-beba-3df58b696aa2}</UniqueIdentifier>
    </Filter>
    <Filter Include="2DFramework\Item">
      <UniqueIdentifier>{8633e85c-c352-4574-b73f-149cfd58ca87}</UniqueIdentifier>
    </Filter>
    <Filter Include="playGround\enemy">
      <UniqueIdentifier>{b6d2bf47-2689-4720-8d75-bcc743b86f7d}</UniqueIdentifier>
    </Filter>
    <Filter Include="playGround\enemy\stage1">
      <UniqueIdentifier>{15bde7ad-93cb-487f-a87d-4e3c5e9f9b90}</UniqueIdentifier>
    </Filter>
    <Filter Include="playGround\enemy\stage2">
      <UniqueIdentifier>{12596731-6c4b-4c21-9046-7f448d90d311}</UniqueIdentifier>
    </Filter>
    <Filter Include="playGround\enemy\stage3">
      <UniqueIdentifier>{63441269-00f5-40ea-86a7-7f3002b4118b}</UniqueIdentifier>
    </Filter>
    <Filter Include="playGround\enemy\boss">
      <UniqueIdentifier>{9c6fb1a2-822e-4055-b125-7c6854d794c6}</UniqueIdentifier>
    </Filter>
    <Filter Include="2DFramework\Scene\startScene\playScene\statusScene">
      <UniqueIdentifier>{6a2162e7-76f2-484a-9ac8-8080dc0f61a5}</UniqueIdentifier>
    </Filter>
  </ItemGroup>
  <ItemGroup>
    <ClInclude Include="stdafx.h">
      <Filter>헤더 파일</Filter>
    </ClInclude>
    <ClInclude Include="targetver.h">
      <Filter>헤더 파일</Filter>
    </ClInclude>
    <ClInclude Include="Resource.h">
      <Filter>헤더 파일</Filter>
    </ClInclude>
    <ClInclude Include="commonMacroFunction.h">
      <Filter>헤더 파일</Filter>
    </ClInclude>
    <ClInclude Include="singletonBase.h">
      <Filter>2DFramework\singletonBase</Filter>
    </ClInclude>
    <ClInclude Include="randomFunction.h">
      <Filter>헤더 파일</Filter>
    </ClInclude>
    <ClInclude Include="gameNode.h">
      <Filter>2DFramework</Filter>
    </ClInclude>
    <ClInclude Include="playGround.h">
      <Filter>playGround</Filter>
    </ClInclude>
    <ClInclude Include="keyManager.h">
      <Filter>2DFramework\Manager</Filter>
    </ClInclude>
    <ClInclude Include="utils.h">
      <Filter>2DFramework\utils</Filter>
    </ClInclude>
    <ClInclude Include="image.h">
      <Filter>2DFramework\image</Filter>
    </ClInclude>
    <ClInclude Include="imageManager.h">
      <Filter>2DFramework\Manager</Filter>
    </ClInclude>
    <ClInclude Include="progressBar.h">
      <Filter>2DFramework\progressBar</Filter>
    </ClInclude>
    <ClInclude Include="txtData.h">
      <Filter>2DFramework\txtData</Filter>
    </ClInclude>
    <ClInclude Include="timer.h">
      <Filter>2DFramework\timer</Filter>
    </ClInclude>
    <ClInclude Include="timeManager.h">
      <Filter>2DFramework\Manager</Filter>
    </ClInclude>
    <ClInclude Include="soundManager.h">
      <Filter>2DFramework\Manager</Filter>
    </ClInclude>
    <ClInclude Include="animation.h">
      <Filter>2DFramework\animation</Filter>
    </ClInclude>
    <ClInclude Include="effect.h">
      <Filter>2DFramework\effect</Filter>
    </ClInclude>
    <ClInclude Include="effectManager.h">
      <Filter>2DFramework\Manager</Filter>
    </ClInclude>
    <ClInclude Include="sceneManager.h">
      <Filter>2DFramework\Manager</Filter>
    </ClInclude>
    <ClInclude Include="button.h">
      <Filter>2DFramework\button</Filter>
    </ClInclude>
    <ClInclude Include="iniDataManager.h">
      <Filter>2DFramework\Manager</Filter>
    </ClInclude>
    <ClInclude Include="keyAniManager.h">
      <Filter>2DFramework\Manager</Filter>
    </ClInclude>
    <ClInclude Include="loadingScene.h">
      <Filter>2DFramework\loading</Filter>
    </ClInclude>
    <ClInclude Include="barScnen.h">
      <Filter>2DFramework\Scene\startScene\playScene\townScene\barScene</Filter>
    </ClInclude>
    <ClInclude Include="battleScnen.h">
      <Filter>2DFramework\Scene\startScene\playScene\battleScene</Filter>
    </ClInclude>
    <ClInclude Include="fieldScene.h">
      <Filter>2DFramework\Scene\startScene\playScene\fieldScene</Filter>
    </ClInclude>
    <ClInclude Include="playScene.h">
      <Filter>2DFramework\Scene\startScene\playScene</Filter>
    </ClInclude>
    <ClInclude Include="mapToolScene.h">
      <Filter>2DFramework\Scene\startScene\mapToolScene</Filter>
    </ClInclude>
    <ClInclude Include="endScene.h">
      <Filter>2DFramework\Scene\endScene</Filter>
    </ClInclude>
    <ClInclude Include="startScene.h">
      <Filter>2DFramework\Scene\startScene</Filter>
    </ClInclude>
    <ClInclude Include="kungpuMan.h">
      <Filter>playGround\enemy\stage1</Filter>
    </ClInclude>
    <ClInclude Include="spearMan.h">
      <Filter>playGround\enemy\stage1</Filter>
    </ClInclude>
    <ClInclude Include="spirit.h">
      <Filter>playGround\enemy\stage1</Filter>
    </ClInclude>
    <ClInclude Include="item.h">
      <Filter>2DFramework\Item</Filter>
    </ClInclude>
    <ClInclude Include="townScene.h">
      <Filter>2DFramework\Scene\startScene\playScene\townScene</Filter>
    </ClInclude>
    <ClInclude Include="bat.h">
      <Filter>playGround\enemy\stage2</Filter>
    </ClInclude>
    <ClInclude Include="snake.h">
      <Filter>playGround\enemy\stage2</Filter>
    </ClInclude>
    <ClInclude Include="wildBoar.h">
      <Filter>playGround\enemy\stage2</Filter>
    </ClInclude>
    <ClInclude Include="enemy.h">
      <Filter>playGround\enemy</Filter>
    </ClInclude>
    <ClInclude Include="enemyManager.h">
      <Filter>playGround\enemy</Filter>
    </ClInclude>
    <ClInclude Include="player.h">
      <Filter>2DFramework\player</Filter>
    </ClInclude>
    <ClInclude Include="enemy.h">
      <Filter>헤더 파일</Filter>
    </ClInclude>
    <ClInclude Include="enemyManager.h">
      <Filter>헤더 파일</Filter>
    </ClInclude>
    <ClInclude Include="item.h">
      <Filter>2DFramework\Item</Filter>
    </ClInclude>
    <ClInclude Include="dragon.h">
      <Filter>헤더 파일</Filter>
    </ClInclude>
    <ClInclude Include="skeleton.h">
      <Filter>헤더 파일</Filter>
    </ClInclude>
    <ClInclude Include="skeletonWizard.h">
      <Filter>헤더 파일</Filter>
    </ClInclude>
    <ClInclude Include="statusScene.h">
      <Filter>헤더 파일</Filter>
    </ClInclude>
    <ClInclude Include="itemManager.h">
      <Filter>2DFramework\Manager</Filter>
    </ClInclude>
  </ItemGroup>
  <ItemGroup>
    <ClCompile Include="stdafx.cpp">
      <Filter>소스 파일</Filter>
    </ClCompile>
    <ClCompile Include="windowAPI.cpp">
      <Filter>소스 파일</Filter>
    </ClCompile>
    <ClCompile Include="gameNode.cpp">
      <Filter>2DFramework</Filter>
    </ClCompile>
    <ClCompile Include="playGround.cpp">
      <Filter>playGround</Filter>
    </ClCompile>
    <ClCompile Include="keyManager.cpp">
      <Filter>2DFramework\Manager</Filter>
    </ClCompile>
    <ClCompile Include="utils.cpp">
      <Filter>2DFramework\utils</Filter>
    </ClCompile>
    <ClCompile Include="image.cpp">
      <Filter>2DFramework\image</Filter>
    </ClCompile>
    <ClCompile Include="imageManager.cpp">
      <Filter>2DFramework\Manager</Filter>
    </ClCompile>
    <ClCompile Include="progressBar.cpp">
      <Filter>2DFramework\progressBar</Filter>
    </ClCompile>
    <ClCompile Include="txtData.cpp">
      <Filter>2DFramework\txtData</Filter>
    </ClCompile>
    <ClCompile Include="timer.cpp">
      <Filter>2DFramework\timer</Filter>
    </ClCompile>
    <ClCompile Include="timeManager.cpp">
      <Filter>2DFramework\Manager</Filter>
    </ClCompile>
    <ClCompile Include="soundManager.cpp">
      <Filter>2DFramework\Manager</Filter>
    </ClCompile>
    <ClCompile Include="animation.cpp">
      <Filter>2DFramework\animation</Filter>
    </ClCompile>
    <ClCompile Include="effect.cpp">
      <Filter>2DFramework\effect</Filter>
    </ClCompile>
    <ClCompile Include="effectManager.cpp">
      <Filter>2DFramework\Manager</Filter>
    </ClCompile>
    <ClCompile Include="sceneManager.cpp">
      <Filter>2DFramework\Manager</Filter>
    </ClCompile>
    <ClCompile Include="button.cpp">
      <Filter>2DFramework\button</Filter>
    </ClCompile>
    <ClCompile Include="iniDataManager.cpp">
      <Filter>2DFramework\Manager</Filter>
    </ClCompile>
    <ClCompile Include="keyAniManager.cpp">
      <Filter>2DFramework\Manager</Filter>
    </ClCompile>
    <ClCompile Include="loadingScene.cpp">
      <Filter>2DFramework\loading</Filter>
    </ClCompile>
    <ClCompile Include="barScnen.cpp">
      <Filter>2DFramework\Scene\startScene\playScene\townScene\barScene</Filter>
    </ClCompile>
    <ClCompile Include="battleScnen.cpp">
      <Filter>2DFramework\Scene\startScene\playScene\battleScene</Filter>
    </ClCompile>
    <ClCompile Include="fieldScene.cpp">
      <Filter>2DFramework\Scene\startScene\playScene\fieldScene</Filter>
    </ClCompile>
    <ClCompile Include="playScene.cpp">
      <Filter>2DFramework\Scene\startScene\playScene</Filter>
    </ClCompile>
    <ClCompile Include="mapToolScene.cpp">
      <Filter>2DFramework\Scene\startScene\mapToolScene</Filter>
    </ClCompile>
    <ClCompile Include="endScene.cpp">
      <Filter>2DFramework\Scene\endScene</Filter>
    </ClCompile>
    <ClCompile Include="startScene.cpp">
      <Filter>2DFramework\Scene\startScene</Filter>
    </ClCompile>
    <ClCompile Include="bat.cpp">
      <Filter>소스 파일</Filter>
    </ClCompile>
    <ClCompile Include="dragon.cpp">
      <Filter>소스 파일</Filter>
    </ClCompile>
    <ClCompile Include="enemy.cpp">
      <Filter>소스 파일</Filter>
    </ClCompile>
    <ClCompile Include="enemyManager.cpp">
      <Filter>소스 파일</Filter>
    </ClCompile>
    <ClCompile Include="item.cpp">
      <Filter>소스 파일</Filter>
    </ClCompile>
    <ClCompile Include="kungpuMan.cpp">
      <Filter>소스 파일</Filter>
    </ClCompile>
    <ClCompile Include="player.cpp">
      <Filter>소스 파일</Filter>
    </ClCompile>
    <ClCompile Include="skeleton.cpp">
      <Filter>소스 파일</Filter>
    </ClCompile>
    <ClCompile Include="skeletonWizard.cpp">
      <Filter>소스 파일</Filter>
    </ClCompile>
    <ClCompile Include="snake.cpp">
      <Filter>소스 파일</Filter>
    </ClCompile>
    <ClCompile Include="spearMan.cpp">
      <Filter>소스 파일</Filter>
    </ClCompile>
    <ClCompile Include="spirit.cpp">
      <Filter>소스 파일</Filter>
    </ClCompile>
    <ClCompile Include="statusScene.cpp">
      <Filter>소스 파일</Filter>
    </ClCompile>
    <ClCompile Include="townScene.cpp">
      <Filter>소스 파일</Filter>
    </ClCompile>
    <ClCompile Include="wildBoar.cpp">
      <Filter>소스 파일</Filter>
    </ClCompile>
    <ClCompile Include="itemManager.cpp">
      <Filter>2DFramework\Manager</Filter>
    </ClCompile>
  </ItemGroup>
</Project>